// !$*UTF8*$!
{
	archiveVersion = 1;
	classes = {
	};
	objectVersion = 46;
	objects = {

/* Begin PBXBuildFile section */
		AE1989851A6021F100AAA938 /* main.m in Sources */ = {isa = PBXBuildFile; fileRef = AE1989841A6021F100AAA938 /* main.m */; };
		AE1989881A6021F100AAA938 /* AppDelegate.m in Sources */ = {isa = PBXBuildFile; fileRef = AE1989871A6021F100AAA938 /* AppDelegate.m */; };
		AE19898B1A6021F100AAA938 /* ViewController.m in Sources */ = {isa = PBXBuildFile; fileRef = AE19898A1A6021F100AAA938 /* ViewController.m */; };
		AE19898E1A6021F100AAA938 /* Main.storyboard in Resources */ = {isa = PBXBuildFile; fileRef = AE19898C1A6021F100AAA938 /* Main.storyboard */; };
		AE1989901A6021F100AAA938 /* Images.xcassets in Resources */ = {isa = PBXBuildFile; fileRef = AE19898F1A6021F100AAA938 /* Images.xcassets */; };
		AE1989931A6021F100AAA938 /* LaunchScreen.xib in Resources */ = {isa = PBXBuildFile; fileRef = AE1989911A6021F100AAA938 /* LaunchScreen.xib */; };
		AE19899F1A6021F100AAA938 /* MyFactoryTests.m in Sources */ = {isa = PBXBuildFile; fileRef = AE19899E1A6021F100AAA938 /* MyFactoryTests.m */; };
		AE1989AA1A6022DA00AAA938 /* MCAlertWithTextEntry.m in Sources */ = {isa = PBXBuildFile; fileRef = AE1989A91A6022DA00AAA938 /* MCAlertWithTextEntry.m */; };
		AE1989AD1A6022E800AAA938 /* MCBuildAttributedText.m in Sources */ = {isa = PBXBuildFile; fileRef = AE1989AC1A6022E800AAA938 /* MCBuildAttributedText.m */; };
		AE9151C51A6456DD00829931 /* SwaggyText.m in Sources */ = {isa = PBXBuildFile; fileRef = AE9151C41A6456DD00829931 /* SwaggyText.m */; };
		AE9151C81A6456ED00829931 /* BusText.m in Sources */ = {isa = PBXBuildFile; fileRef = AE9151C71A6456ED00829931 /* BusText.m */; };
		AE9151CB1A64571200829931 /* HipText.m in Sources */ = {isa = PBXBuildFile; fileRef = AE9151CA1A64571200829931 /* HipText.m */; };
		AE9151CE1A64578F00829931 /* MyTextFactory.m in Sources */ = {isa = PBXBuildFile; fileRef = AE9151CD1A64578F00829931 /* MyTextFactory.m */; };
		AE9151D11A6457B100829931 /* TextBuilder.m in Sources */ = {isa = PBXBuildFile; fileRef = AE9151D01A6457B100829931 /* TextBuilder.m */; };
		AEA16E651A641C1100B979CD /* VersionOne.m in Sources */ = {isa = PBXBuildFile; fileRef = AEA16E641A641C1100B979CD /* VersionOne.m */; };
		AEA16E681A641C2F00B979CD /* VersionTwo.m in Sources */ = {isa = PBXBuildFile; fileRef = AEA16E671A641C2F00B979CD /* VersionTwo.m */; };
/* End PBXBuildFile section */

/* Begin PBXContainerItemProxy section */
		AE1989991A6021F100AAA938 /* PBXContainerItemProxy */ = {
			isa = PBXContainerItemProxy;
			containerPortal = AE1989771A6021F100AAA938 /* Project object */;
			proxyType = 1;
			remoteGlobalIDString = AE19897E1A6021F100AAA938;
			remoteInfo = MyFactory;
		};
/* End PBXContainerItemProxy section */

/* Begin PBXFileReference section */
		AE19897F1A6021F100AAA938 /* MyFactory.app */ = {isa = PBXFileReference; explicitFileType = wrapper.application; includeInIndex = 0; path = MyFactory.app; sourceTree = BUILT_PRODUCTS_DIR; };
		AE1989831A6021F100AAA938 /* Info.plist */ = {isa = PBXFileReference; lastKnownFileType = text.plist.xml; path = Info.plist; sourceTree = "<group>"; };
		AE1989841A6021F100AAA938 /* main.m */ = {isa = PBXFileReference; lastKnownFileType = sourcecode.c.objc; path = main.m; sourceTree = "<group>"; };
		AE1989861A6021F100AAA938 /* AppDelegate.h */ = {isa = PBXFileReference; lastKnownFileType = sourcecode.c.h; path = AppDelegate.h; sourceTree = "<group>"; };
		AE1989871A6021F100AAA938 /* AppDelegate.m */ = {isa = PBXFileReference; lastKnownFileType = sourcecode.c.objc; path = AppDelegate.m; sourceTree = "<group>"; };
		AE1989891A6021F100AAA938 /* ViewController.h */ = {isa = PBXFileReference; lastKnownFileType = sourcecode.c.h; path = ViewController.h; sourceTree = "<group>"; };
		AE19898A1A6021F100AAA938 /* ViewController.m */ = {isa = PBXFileReference; lastKnownFileType = sourcecode.c.objc; path = ViewController.m; sourceTree = "<group>"; };
		AE19898D1A6021F100AAA938 /* Base */ = {isa = PBXFileReference; lastKnownFileType = file.storyboard; name = Base; path = Base.lproj/Main.storyboard; sourceTree = "<group>"; };
		AE19898F1A6021F100AAA938 /* Images.xcassets */ = {isa = PBXFileReference; lastKnownFileType = folder.assetcatalog; path = Images.xcassets; sourceTree = "<group>"; };
		AE1989921A6021F100AAA938 /* Base */ = {isa = PBXFileReference; lastKnownFileType = file.xib; name = Base; path = Base.lproj/LaunchScreen.xib; sourceTree = "<group>"; };
		AE1989981A6021F100AAA938 /* MyFactoryTests.xctest */ = {isa = PBXFileReference; explicitFileType = wrapper.cfbundle; includeInIndex = 0; path = MyFactoryTests.xctest; sourceTree = BUILT_PRODUCTS_DIR; };
		AE19899D1A6021F100AAA938 /* Info.plist */ = {isa = PBXFileReference; lastKnownFileType = text.plist.xml; path = Info.plist; sourceTree = "<group>"; };
		AE19899E1A6021F100AAA938 /* MyFactoryTests.m */ = {isa = PBXFileReference; lastKnownFileType = sourcecode.c.objc; path = MyFactoryTests.m; sourceTree = "<group>"; };
		AE1989A81A6022DA00AAA938 /* MCAlertWithTextEntry.h */ = {isa = PBXFileReference; fileEncoding = 4; lastKnownFileType = sourcecode.c.h; path = MCAlertWithTextEntry.h; sourceTree = "<group>"; };
		AE1989A91A6022DA00AAA938 /* MCAlertWithTextEntry.m */ = {isa = PBXFileReference; fileEncoding = 4; lastKnownFileType = sourcecode.c.objc; path = MCAlertWithTextEntry.m; sourceTree = "<group>"; };
		AE1989AB1A6022E800AAA938 /* MCBuildAttributedText.h */ = {isa = PBXFileReference; fileEncoding = 4; lastKnownFileType = sourcecode.c.h; path = MCBuildAttributedText.h; sourceTree = "<group>"; };
		AE1989AC1A6022E800AAA938 /* MCBuildAttributedText.m */ = {isa = PBXFileReference; fileEncoding = 4; lastKnownFileType = sourcecode.c.objc; path = MCBuildAttributedText.m; sourceTree = "<group>"; };
		AE9151C31A6456DD00829931 /* SwaggyText.h */ = {isa = PBXFileReference; fileEncoding = 4; lastKnownFileType = sourcecode.c.h; path = SwaggyText.h; sourceTree = "<group>"; };
		AE9151C41A6456DD00829931 /* SwaggyText.m */ = {isa = PBXFileReference; fileEncoding = 4; lastKnownFileType = sourcecode.c.objc; path = SwaggyText.m; sourceTree = "<group>"; };
		AE9151C61A6456ED00829931 /* BusText.h */ = {isa = PBXFileReference; fileEncoding = 4; lastKnownFileType = sourcecode.c.h; path = BusText.h; sourceTree = "<group>"; };
		AE9151C71A6456ED00829931 /* BusText.m */ = {isa = PBXFileReference; fileEncoding = 4; lastKnownFileType = sourcecode.c.objc; path = BusText.m; sourceTree = "<group>"; };
		AE9151C91A64571200829931 /* HipText.h */ = {isa = PBXFileReference; fileEncoding = 4; lastKnownFileType = sourcecode.c.h; path = HipText.h; sourceTree = "<group>"; };
		AE9151CA1A64571200829931 /* HipText.m */ = {isa = PBXFileReference; fileEncoding = 4; lastKnownFileType = sourcecode.c.objc; path = HipText.m; sourceTree = "<group>"; };
		AE9151CC1A64578F00829931 /* MyTextFactory.h */ = {isa = PBXFileReference; fileEncoding = 4; lastKnownFileType = sourcecode.c.h; path = MyTextFactory.h; sourceTree = "<group>"; };
		AE9151CD1A64578F00829931 /* MyTextFactory.m */ = {isa = PBXFileReference; fileEncoding = 4; lastKnownFileType = sourcecode.c.objc; path = MyTextFactory.m; sourceTree = "<group>"; };
		AE9151CF1A6457B100829931 /* TextBuilder.h */ = {isa = PBXFileReference; fileEncoding = 4; lastKnownFileType = sourcecode.c.h; path = TextBuilder.h; sourceTree = "<group>"; };
		AE9151D01A6457B100829931 /* TextBuilder.m */ = {isa = PBXFileReference; fileEncoding = 4; lastKnownFileType = sourcecode.c.objc; path = TextBuilder.m; sourceTree = "<group>"; };
		AEA16E631A641C1100B979CD /* VersionOne.h */ = {isa = PBXFileReference; fileEncoding = 4; lastKnownFileType = sourcecode.c.h; name = VersionOne.h; path = ../VersionOne.h; sourceTree = "<group>"; };
		AEA16E641A641C1100B979CD /* VersionOne.m */ = {isa = PBXFileReference; fileEncoding = 4; lastKnownFileType = sourcecode.c.objc; name = VersionOne.m; path = ../VersionOne.m; sourceTree = "<group>"; };
		AEA16E661A641C2F00B979CD /* VersionTwo.h */ = {isa = PBXFileReference; fileEncoding = 4; lastKnownFileType = sourcecode.c.h; path = VersionTwo.h; sourceTree = "<group>"; };
		AEA16E671A641C2F00B979CD /* VersionTwo.m */ = {isa = PBXFileReference; fileEncoding = 4; lastKnownFileType = sourcecode.c.objc; path = VersionTwo.m; sourceTree = "<group>"; };
		AEA16E6E1A6420A100B979CD /* TypeDefs.h */ = {isa = PBXFileReference; fileEncoding = 4; lastKnownFileType = sourcecode.c.h; path = TypeDefs.h; sourceTree = "<group>"; };
/* End PBXFileReference section */

/* Begin PBXFrameworksBuildPhase section */
		AE19897C1A6021F100AAA938 /* Frameworks */ = {
			isa = PBXFrameworksBuildPhase;
			buildActionMask = 2147483647;
			files = (
			);
			runOnlyForDeploymentPostprocessing = 0;
		};
		AE1989951A6021F100AAA938 /* Frameworks */ = {
			isa = PBXFrameworksBuildPhase;
			buildActionMask = 2147483647;
			files = (
			);
			runOnlyForDeploymentPostprocessing = 0;
		};
/* End PBXFrameworksBuildPhase section */

/* Begin PBXGroup section */
		AE1989761A6021F100AAA938 = {
			isa = PBXGroup;
			children = (
				AE1989811A6021F100AAA938 /* MyFactory */,
				AE19899B1A6021F100AAA938 /* MyFactoryTests */,
				AE1989801A6021F100AAA938 /* Products */,
			);
			sourceTree = "<group>";
		};
		AE1989801A6021F100AAA938 /* Products */ = {
			isa = PBXGroup;
			children = (
				AE19897F1A6021F100AAA938 /* MyFactory.app */,
				AE1989981A6021F100AAA938 /* MyFactoryTests.xctest */,
			);
			name = Products;
			sourceTree = "<group>";
		};
		AE1989811A6021F100AAA938 /* MyFactory */ = {
			isa = PBXGroup;
			children = (
				AE1989861A6021F100AAA938 /* AppDelegate.h */,
				AE1989871A6021F100AAA938 /* AppDelegate.m */,
				AE1989891A6021F100AAA938 /* ViewController.h */,
				AE19898A1A6021F100AAA938 /* ViewController.m */,
				AE19898C1A6021F100AAA938 /* Main.storyboard */,
				AEA16E6E1A6420A100B979CD /* TypeDefs.h */,
				AEA16E601A641BA700B979CD /* Version1 */,
				AEA16E611A641BB900B979CD /* Version2 */,
				AEA16E6C1A641C4D00B979CD /* TextLayout */,
				AEA16E6D1A641CAF00B979CD /* SortRoutines */,
				AE1989821A6021F100AAA938 /* Supporting Files */,
			);
			path = MyFactory;
			sourceTree = "<group>";
		};
		AE1989821A6021F100AAA938 /* Supporting Files */ = {
			isa = PBXGroup;
			children = (
				AE1989A81A6022DA00AAA938 /* MCAlertWithTextEntry.h */,
				AE1989A91A6022DA00AAA938 /* MCAlertWithTextEntry.m */,
				AE19898F1A6021F100AAA938 /* Images.xcassets */,
				AE1989911A6021F100AAA938 /* LaunchScreen.xib */,
				AE1989831A6021F100AAA938 /* Info.plist */,
				AE1989841A6021F100AAA938 /* main.m */,
			);
			name = "Supporting Files";
			sourceTree = "<group>";
		};
		AE19899B1A6021F100AAA938 /* MyFactoryTests */ = {
			isa = PBXGroup;
			children = (
				AE19899E1A6021F100AAA938 /* MyFactoryTests.m */,
				AE19899C1A6021F100AAA938 /* Supporting Files */,
			);
			path = MyFactoryTests;
			sourceTree = "<group>";
		};
		AE19899C1A6021F100AAA938 /* Supporting Files */ = {
			isa = PBXGroup;
			children = (
				AE19899D1A6021F100AAA938 /* Info.plist */,
			);
			name = "Supporting Files";
			sourceTree = "<group>";
		};
		AE9151D21A6457F000829931 /* Text Builders - Subclasses */ = {
			isa = PBXGroup;
			children = (
				AE9151C31A6456DD00829931 /* SwaggyText.h */,
				AE9151C41A6456DD00829931 /* SwaggyText.m */,
				AE9151C61A6456ED00829931 /* BusText.h */,
				AE9151C71A6456ED00829931 /* BusText.m */,
				AE9151C91A64571200829931 /* HipText.h */,
				AE9151CA1A64571200829931 /* HipText.m */,
			);
			name = "Text Builders - Subclasses";
			sourceTree = "<group>";
		};
		AEA16E601A641BA700B979CD /* Version1 */ = {
			isa = PBXGroup;
			children = (
				AEA16E631A641C1100B979CD /* VersionOne.h */,
				AEA16E641A641C1100B979CD /* VersionOne.m */,
			);
			name = Version1;
			sourceTree = "<group>";
		};
		AEA16E611A641BB900B979CD /* Version2 */ = {
			isa = PBXGroup;
			children = (
				AEA16E661A641C2F00B979CD /* VersionTwo.h */,
				AEA16E671A641C2F00B979CD /* VersionTwo.m */,
				AE9151CC1A64578F00829931 /* MyTextFactory.h */,
				AE9151CD1A64578F00829931 /* MyTextFactory.m */,
				AE9151CF1A6457B100829931 /* TextBuilder.h */,
				AE9151D01A6457B100829931 /* TextBuilder.m */,
				AE9151D21A6457F000829931 /* Text Builders - Subclasses */,
			);
			name = Version2;
			sourceTree = "<group>";
		};
		AEA16E6C1A641C4D00B979CD /* TextLayout */ = {
			isa = PBXGroup;
			children = (
				AE1989AB1A6022E800AAA938 /* MCBuildAttributedText.h */,
				AE1989AC1A6022E800AAA938 /* MCBuildAttributedText.m */,
			);
			name = TextLayout;
			sourceTree = "<group>";
		};
		AEA16E6D1A641CAF00B979CD /* SortRoutines */ = {
			isa = PBXGroup;
			children = (
			);
			name = SortRoutines;
			sourceTree = "<group>";
		};
/* End PBXGroup section */

/* Begin PBXNativeTarget section */
		AE19897E1A6021F100AAA938 /* MyFactory */ = {
			isa = PBXNativeTarget;
			buildConfigurationList = AE1989A21A6021F100AAA938 /* Build configuration list for PBXNativeTarget "MyFactory" */;
			buildPhases = (
				AE19897B1A6021F100AAA938 /* Sources */,
				AE19897C1A6021F100AAA938 /* Frameworks */,
				AE19897D1A6021F100AAA938 /* Resources */,
			);
			buildRules = (
			);
			dependencies = (
			);
			name = MyFactory;
			productName = MyFactory;
			productReference = AE19897F1A6021F100AAA938 /* MyFactory.app */;
			productType = "com.apple.product-type.application";
		};
		AE1989971A6021F100AAA938 /* MyFactoryTests */ = {
			isa = PBXNativeTarget;
			buildConfigurationList = AE1989A51A6021F100AAA938 /* Build configuration list for PBXNativeTarget "MyFactoryTests" */;
			buildPhases = (
				AE1989941A6021F100AAA938 /* Sources */,
				AE1989951A6021F100AAA938 /* Frameworks */,
				AE1989961A6021F100AAA938 /* Resources */,
			);
			buildRules = (
			);
			dependencies = (
				AE19899A1A6021F100AAA938 /* PBXTargetDependency */,
			);
			name = MyFactoryTests;
			productName = MyFactoryTests;
			productReference = AE1989981A6021F100AAA938 /* MyFactoryTests.xctest */;
			productType = "com.apple.product-type.bundle.unit-test";
		};
/* End PBXNativeTarget section */

/* Begin PBXProject section */
		AE1989771A6021F100AAA938 /* Project object */ = {
			isa = PBXProject;
			attributes = {
				LastUpgradeCheck = 0610;
				ORGANIZATIONNAME = MSCline;
				TargetAttributes = {
					AE19897E1A6021F100AAA938 = {
						CreatedOnToolsVersion = 6.1.1;
					};
					AE1989971A6021F100AAA938 = {
						CreatedOnToolsVersion = 6.1.1;
						TestTargetID = AE19897E1A6021F100AAA938;
					};
				};
			};
			buildConfigurationList = AE19897A1A6021F100AAA938 /* Build configuration list for PBXProject "MyFactory" */;
			compatibilityVersion = "Xcode 3.2";
			developmentRegion = English;
			hasScannedForEncodings = 0;
			knownRegions = (
				en,
				Base,
			);
			mainGroup = AE1989761A6021F100AAA938;
			productRefGroup = AE1989801A6021F100AAA938 /* Products */;
			projectDirPath = "";
			projectRoot = "";
			targets = (
				AE19897E1A6021F100AAA938 /* MyFactory */,
				AE1989971A6021F100AAA938 /* MyFactoryTests */,
			);
		};
/* End PBXProject section */

/* Begin PBXResourcesBuildPhase section */
		AE19897D1A6021F100AAA938 /* Resources */ = {
			isa = PBXResourcesBuildPhase;
			buildActionMask = 2147483647;
			files = (
				AE19898E1A6021F100AAA938 /* Main.storyboard in Resources */,
				AE1989931A6021F100AAA938 /* LaunchScreen.xib in Resources */,
				AE1989901A6021F100AAA938 /* Images.xcassets in Resources */,
			);
			runOnlyForDeploymentPostprocessing = 0;
		};
		AE1989961A6021F100AAA938 /* Resources */ = {
			isa = PBXResourcesBuildPhase;
			buildActionMask = 2147483647;
			files = (
			);
			runOnlyForDeploymentPostprocessing = 0;
		};
/* End PBXResourcesBuildPhase section */

/* Begin PBXSourcesBuildPhase section */
		AE19897B1A6021F100AAA938 /* Sources */ = {
			isa = PBXSourcesBuildPhase;
			buildActionMask = 2147483647;
			files = (
				AE1989AA1A6022DA00AAA938 /* MCAlertWithTextEntry.m in Sources */,
				AE9151C81A6456ED00829931 /* BusText.m in Sources */,
				AEA16E681A641C2F00B979CD /* VersionTwo.m in Sources */,
				AE19898B1A6021F100AAA938 /* ViewController.m in Sources */,
				AE1989881A6021F100AAA938 /* AppDelegate.m in Sources */,
				AE1989851A6021F100AAA938 /* main.m in Sources */,
				AE9151C51A6456DD00829931 /* SwaggyText.m in Sources */,
				AE1989AD1A6022E800AAA938 /* MCBuildAttributedText.m in Sources */,
				AEA16E651A641C1100B979CD /* VersionOne.m in Sources */,
				AE9151CE1A64578F00829931 /* MyTextFactory.m in Sources */,
				AE9151CB1A64571200829931 /* HipText.m in Sources */,
				AE9151D11A6457B100829931 /* TextBuilder.m in Sources */,
			);
			runOnlyForDeploymentPostprocessing = 0;
		};
		AE1989941A6021F100AAA938 /* Sources */ = {
			isa = PBXSourcesBuildPhase;
			buildActionMask = 2147483647;
			files = (
				AE19899F1A6021F100AAA938 /* MyFactoryTests.m in Sources */,
			);
			runOnlyForDeploymentPostprocessing = 0;
		};
/* End PBXSourcesBuildPhase section */

/* Begin PBXTargetDependency section */
		AE19899A1A6021F100AAA938 /* PBXTargetDependency */ = {
			isa = PBXTargetDependency;
			target = AE19897E1A6021F100AAA938 /* MyFactory */;
			targetProxy = AE1989991A6021F100AAA938 /* PBXContainerItemProxy */;
		};
/* End PBXTargetDependency section */

/* Begin PBXVariantGroup section */
		AE19898C1A6021F100AAA938 /* Main.storyboard */ = {
			isa = PBXVariantGroup;
			children = (
				AE19898D1A6021F100AAA938 /* Base */,
			);
			name = Main.storyboard;
			sourceTree = "<group>";
		};
		AE1989911A6021F100AAA938 /* LaunchScreen.xib */ = {
			isa = PBXVariantGroup;
			children = (
				AE1989921A6021F100AAA938 /* Base */,
			);
			name = LaunchScreen.xib;
			sourceTree = "<group>";
		};
/* End PBXVariantGroup section */

/* Begin XCBuildConfiguration section */
		AE1989A01A6021F100AAA938 /* Debug */ = {
			isa = XCBuildConfiguration;
			buildSettings = {
				ALWAYS_SEARCH_USER_PATHS = NO;
				CLANG_CXX_LANGUAGE_STANDARD = "gnu++0x";
				CLANG_CXX_LIBRARY = "libc++";
				CLANG_ENABLE_MODULES = YES;
				CLANG_ENABLE_OBJC_ARC = YES;
				CLANG_WARN_BOOL_CONVERSION = YES;
				CLANG_WARN_CONSTANT_CONVERSION = YES;
				CLANG_WARN_DIRECT_OBJC_ISA_USAGE = YES_ERROR;
				CLANG_WARN_EMPTY_BODY = YES;
				CLANG_WARN_ENUM_CONVERSION = YES;
				CLANG_WARN_INT_CONVERSION = YES;
				CLANG_WARN_OBJC_ROOT_CLASS = YES_ERROR;
				CLANG_WARN_UNREACHABLE_CODE = YES;
				CLANG_WARN__DUPLICATE_METHOD_MATCH = YES;
				"CODE_SIGN_IDENTITY[sdk=iphoneos*]" = "iPhone Developer";
				COPY_PHASE_STRIP = NO;
				ENABLE_STRICT_OBJC_MSGSEND = YES;
				GCC_C_LANGUAGE_STANDARD = gnu99;
				GCC_DYNAMIC_NO_PIC = NO;
				GCC_OPTIMIZATION_LEVEL = 0;
				GCC_PREPROCESSOR_DEFINITIONS = (
					"DEBUG=1",
					"$(inherited)",
				);
				GCC_SYMBOLS_PRIVATE_EXTERN = NO;
				GCC_WARN_64_TO_32_BIT_CONVERSION = YES;
				GCC_WARN_ABOUT_RETURN_TYPE = YES_ERROR;
				GCC_WARN_UNDECLARED_SELECTOR = YES;
				GCC_WARN_UNINITIALIZED_AUTOS = YES_AGGRESSIVE;
				GCC_WARN_UNUSED_FUNCTION = YES;
				GCC_WARN_UNUSED_VARIABLE = YES;
				IPHONEOS_DEPLOYMENT_TARGET = 8.1;
				MTL_ENABLE_DEBUG_INFO = YES;
				ONLY_ACTIVE_ARCH = YES;
				SDKROOT = iphoneos;
			};
			name = Debug;
		};
		AE1989A11A6021F100AAA938 /* Release */ = {
			isa = XCBuildConfiguration;
			buildSettings = {
				ALWAYS_SEARCH_USER_PATHS = NO;
				CLANG_CXX_LANGUAGE_STANDARD = "gnu++0x";
				CLANG_CXX_LIBRARY = "libc++";
				CLANG_ENABLE_MODULES = YES;
				CLANG_ENABLE_OBJC_ARC = YES;
				CLANG_WARN_BOOL_CONVERSION = YES;
				CLANG_WARN_CONSTANT_CONVERSION = YES;
				CLANG_WARN_DIRECT_OBJC_ISA_USAGE = YES_ERROR;
				CLANG_WARN_EMPTY_BODY = YES;
				CLANG_WARN_ENUM_CONVERSION = YES;
				CLANG_WARN_INT_CONVERSION = YES;
				CLANG_WARN_OBJC_ROOT_CLASS = YES_ERROR;
				CLANG_WARN_UNREACHABLE_CODE = YES;
				CLANG_WARN__DUPLICATE_METHOD_MATCH = YES;
				"CODE_SIGN_IDENTITY[sdk=iphoneos*]" = "iPhone Developer";
				COPY_PHASE_STRIP = YES;
				ENABLE_NS_ASSERTIONS = NO;
				ENABLE_STRICT_OBJC_MSGSEND = YES;
				GCC_C_LANGUAGE_STANDARD = gnu99;
				GCC_WARN_64_TO_32_BIT_CONVERSION = YES;
				GCC_WARN_ABOUT_RETURN_TYPE = YES_ERROR;
				GCC_WARN_UNDECLARED_SELECTOR = YES;
				GCC_WARN_UNINITIALIZED_AUTOS = YES_AGGRESSIVE;
				GCC_WARN_UNUSED_FUNCTION = YES;
				GCC_WARN_UNUSED_VARIABLE = YES;
				IPHONEOS_DEPLOYMENT_TARGET = 8.1;
				MTL_ENABLE_DEBUG_INFO = NO;
				SDKROOT = iphoneos;
				VALIDATE_PRODUCT = YES;
			};
			name = Release;
		};
		AE1989A31A6021F100AAA938 /* Debug */ = {
			isa = XCBuildConfiguration;
			buildSettings = {
				ASSETCATALOG_COMPILER_APPICON_NAME = AppIcon;
				INFOPLIST_FILE = MyFactory/Info.plist;
				LD_RUNPATH_SEARCH_PATHS = "$(inherited) @executable_path/Frameworks";
				PRODUCT_NAME = "$(TARGET_NAME)";
			};
			name = Debug;
		};
		AE1989A41A6021F100AAA938 /* Release */ = {
			isa = XCBuildConfiguration;
			buildSettings = {
				ASSETCATALOG_COMPILER_APPICON_NAME = AppIcon;
				INFOPLIST_FILE = MyFactory/Info.plist;
				LD_RUNPATH_SEARCH_PATHS = "$(inherited) @executable_path/Frameworks";
				PRODUCT_NAME = "$(TARGET_NAME)";
			};
			name = Release;
		};
		AE1989A61A6021F100AAA938 /* Debug */ = {
			isa = XCBuildConfiguration;
			buildSettings = {
				BUNDLE_LOADER = "$(TEST_HOST)";
				FRAMEWORK_SEARCH_PATHS = (
					"$(SDKROOT)/Developer/Library/Frameworks",
					"$(inherited)",
				);
				GCC_PREPROCESSOR_DEFINITIONS = (
					"DEBUG=1",
					"$(inherited)",
				);
				INFOPLIST_FILE = MyFactoryTests/Info.plist;
				LD_RUNPATH_SEARCH_PATHS = "$(inherited) @executable_path/Frameworks @loader_path/Frameworks";
				PRODUCT_NAME = "$(TARGET_NAME)";
				TEST_HOST = "$(BUILT_PRODUCTS_DIR)/MyFactory.app/MyFactory";
			};
			name = Debug;
		};
		AE1989A71A6021F100AAA938 /* Release */ = {
			isa = XCBuildConfiguration;
			buildSettings = {
				BUNDLE_LOADER = "$(TEST_HOST)";
				FRAMEWORK_SEARCH_PATHS = (
					"$(SDKROOT)/Developer/Library/Frameworks",
					"$(inherited)",
				);
				INFOPLIST_FILE = MyFactoryTests/Info.plist;
				LD_RUNPATH_SEARCH_PATHS = "$(inherited) @executable_path/Frameworks @loader_path/Frameworks";
				PRODUCT_NAME = "$(TARGET_NAME)";
				TEST_HOST = "$(BUILT_PRODUCTS_DIR)/MyFactory.app/MyFactory";
			};
			name = Release;
		};
/* End XCBuildConfiguration section */

/* Begin XCConfigurationList section */
		AE19897A1A6021F100AAA938 /* Build configuration list for PBXProject "MyFactory" */ = {
			isa = XCConfigurationList;
			buildConfigurations = (
				AE1989A01A6021F100AAA938 /* Debug */,
				AE1989A11A6021F100AAA938 /* Release */,
			);
			defaultConfigurationIsVisible = 0;
			defaultConfigurationName = Release;
		};
		AE1989A21A6021F100AAA938 /* Build configuration list for PBXNativeTarget "MyFactory" */ = {
			isa = XCConfigurationList;
			buildConfigurations = (
				AE1989A31A6021F100AAA938 /* Debug */,
				AE1989A41A6021F100AAA938 /* Release */,
			);
			defaultConfigurationIsVisible = 0;
			defaultConfigurationName = Release;
		};
		AE1989A51A6021F100AAA938 /* Build configuration list for PBXNativeTarget "MyFactoryTests" */ = {
			isa = XCConfigurationList;
			buildConfigurations = (
				AE1989A61A6021F100AAA938 /* Debug */,
				AE1989A71A6021F100AAA938 /* Release */,
			);
			defaultConfigurationIsVisible = 0;
			defaultConfigurationName = Release;
		};
/* End XCConfigurationList section */
	};
	rootObject = AE1989771A6021F100AAA938 /* Project object */;
}
